// !$*UTF8*$!
{
	archiveVersion = 1;
	classes = {
	};
	objectVersion = 50;
	objects = {

/* Begin PBXBuildFile section */
		B49340DA23A9DD2C00CFAB6A /* AppDelegate.swift in Sources */ = {isa = PBXBuildFile; fileRef = B49340D923A9DD2C00CFAB6A /* AppDelegate.swift */; };
		B49340DC23A9DD2C00CFAB6A /* SceneDelegate.swift in Sources */ = {isa = PBXBuildFile; fileRef = B49340DB23A9DD2C00CFAB6A /* SceneDelegate.swift */; };
		B49340E123A9DD2C00CFAB6A /* Main.storyboard in Resources */ = {isa = PBXBuildFile; fileRef = B49340DF23A9DD2C00CFAB6A /* Main.storyboard */; };
		B49340E323A9DD3500CFAB6A /* Assets.xcassets in Resources */ = {isa = PBXBuildFile; fileRef = B49340E223A9DD3500CFAB6A /* Assets.xcassets */; };
		B49340E623A9DD3500CFAB6A /* LaunchScreen.storyboard in Resources */ = {isa = PBXBuildFile; fileRef = B49340E423A9DD3500CFAB6A /* LaunchScreen.storyboard */; };
		B49340FB23A9DEE800CFAB6A /* SettingsViewController.swift in Sources */ = {isa = PBXBuildFile; fileRef = B49340FA23A9DEE800CFAB6A /* SettingsViewController.swift */; };
/* End PBXBuildFile section */

/* Begin PBXFileReference section */
		B49340D623A9DD2C00CFAB6A /* Exchange_Rates.app */ = {isa = PBXFileReference; explicitFileType = wrapper.application; includeInIndex = 0; path = Exchange_Rates.app; sourceTree = BUILT_PRODUCTS_DIR; };
		B49340D923A9DD2C00CFAB6A /* AppDelegate.swift */ = {isa = PBXFileReference; lastKnownFileType = sourcecode.swift; path = AppDelegate.swift; sourceTree = "<group>"; };
		B49340DB23A9DD2C00CFAB6A /* SceneDelegate.swift */ = {isa = PBXFileReference; lastKnownFileType = sourcecode.swift; path = SceneDelegate.swift; sourceTree = "<group>"; };
		B49340E023A9DD2C00CFAB6A /* Base */ = {isa = PBXFileReference; lastKnownFileType = file.storyboard; name = Base; path = Base.lproj/Main.storyboard; sourceTree = "<group>"; };
		B49340E223A9DD3500CFAB6A /* Assets.xcassets */ = {isa = PBXFileReference; lastKnownFileType = folder.assetcatalog; path = Assets.xcassets; sourceTree = "<group>"; };
		B49340E523A9DD3500CFAB6A /* Base */ = {isa = PBXFileReference; lastKnownFileType = file.storyboard; name = Base; path = Base.lproj/LaunchScreen.storyboard; sourceTree = "<group>"; };
		B49340E723A9DD3500CFAB6A /* Info.plist */ = {isa = PBXFileReference; lastKnownFileType = text.plist.xml; path = Info.plist; sourceTree = "<group>"; };
		B49340FA23A9DEE800CFAB6A /* SettingsViewController.swift */ = {isa = PBXFileReference; lastKnownFileType = sourcecode.swift; path = SettingsViewController.swift; sourceTree = "<group>"; };
/* End PBXFileReference section */

/* Begin PBXFrameworksBuildPhase section */
		B49340D323A9DD2C00CFAB6A /* Frameworks */ = {
			isa = PBXFrameworksBuildPhase;
			buildActionMask = 2147483647;
			files = (
			);
			runOnlyForDeploymentPostprocessing = 0;
		};
/* End PBXFrameworksBuildPhase section */

/* Begin PBXGroup section */
		B49340CD23A9DD2C00CFAB6A = {
			isa = PBXGroup;
			children = (
				B49340D823A9DD2C00CFAB6A /* Exchange_Rates */,
				B49340D723A9DD2C00CFAB6A /* Products */,
			);
			sourceTree = "<group>";
		};
		B49340D723A9DD2C00CFAB6A /* Products */ = {
			isa = PBXGroup;
			children = (
				B49340D623A9DD2C00CFAB6A /* Exchange_Rates.app */,
			);
			name = Products;
			sourceTree = "<group>";
		};
		B49340D823A9DD2C00CFAB6A /* Exchange_Rates */ = {
			isa = PBXGroup;
			children = (
				B49340FC23A9DEF700CFAB6A /* Resources */,
				B49340ED23A9DE6100CFAB6A /* Modules */,
				B49340D923A9DD2C00CFAB6A /* AppDelegate.swift */,
				B49340DB23A9DD2C00CFAB6A /* SceneDelegate.swift */,
				B49340E723A9DD3500CFAB6A /* Info.plist */,
			);
			path = Exchange_Rates;
			sourceTree = "<group>";
		};
		B49340ED23A9DE6100CFAB6A /* Modules */ = {
			isa = PBXGroup;
			children = (
				B49340F023A9DE7500CFAB6A /* Settings */,
				B49340EF23A9DE7000CFAB6A /* Rates */,
				B49340EE23A9DE6800CFAB6A /* Currency */,
			);
			path = Modules;
			sourceTree = "<group>";
		};
		B49340EE23A9DE6800CFAB6A /* Currency */ = {
			isa = PBXGroup;
			children = (
				B49340F923A9DEB900CFAB6A /* Model */,
				B49340F823A9DEB400CFAB6A /* View */,
				B49340F723A9DEAE00CFAB6A /* Presenter */,
			);
			path = Currency;
			sourceTree = "<group>";
		};
		B49340EF23A9DE7000CFAB6A /* Rates */ = {
			isa = PBXGroup;
			children = (
				B49340F623A9DEA900CFAB6A /* Model */,
				B49340F523A9DEA400CFAB6A /* View */,
				B49340F423A9DE9E00CFAB6A /* Presenter */,
			);
			path = Rates;
			sourceTree = "<group>";
		};
		B49340F023A9DE7500CFAB6A /* Settings */ = {
			isa = PBXGroup;
			children = (
				B49340F323A9DE8D00CFAB6A /* Model */,
				B49340F223A9DE8900CFAB6A /* View */,
				B49340F123A9DE8100CFAB6A /* Presenter */,
			);
			path = Settings;
			sourceTree = "<group>";
		};
		B49340F123A9DE8100CFAB6A /* Presenter */ = {
			isa = PBXGroup;
			children = (
			);
			path = Presenter;
			sourceTree = "<group>";
		};
		B49340F223A9DE8900CFAB6A /* View */ = {
			isa = PBXGroup;
			children = (
				B49340FA23A9DEE800CFAB6A /* SettingsViewController.swift */,
			);
			path = View;
			sourceTree = "<group>";
		};
		B49340F323A9DE8D00CFAB6A /* Model */ = {
			isa = PBXGroup;
			children = (
			);
			path = Model;
			sourceTree = "<group>";
		};
		B49340F423A9DE9E00CFAB6A /* Presenter */ = {
			isa = PBXGroup;
			children = (
			);
			path = Presenter;
			sourceTree = "<group>";
		};
		B49340F523A9DEA400CFAB6A /* View */ = {
			isa = PBXGroup;
			children = (
			);
			path = View;
			sourceTree = "<group>";
		};
		B49340F623A9DEA900CFAB6A /* Model */ = {
			isa = PBXGroup;
			children = (
			);
			path = Model;
			sourceTree = "<group>";
		};
		B49340F723A9DEAE00CFAB6A /* Presenter */ = {
			isa = PBXGroup;
			children = (
			);
			path = Presenter;
			sourceTree = "<group>";
		};
		B49340F823A9DEB400CFAB6A /* View */ = {
			isa = PBXGroup;
			children = (
			);
			path = View;
			sourceTree = "<group>";
		};
		B49340F923A9DEB900CFAB6A /* Model */ = {
			isa = PBXGroup;
			children = (
			);
			path = Model;
			sourceTree = "<group>";
		};
		B49340FC23A9DEF700CFAB6A /* Resources */ = {
			isa = PBXGroup;
			children = (
				B49340FE23A9DF0A00CFAB6A /* Assets */,
				B49340FD23A9DF0000CFAB6A /* Storyboards */,
			);
			path = Resources;
			sourceTree = "<group>";
		};
		B49340FD23A9DF0000CFAB6A /* Storyboards */ = {
			isa = PBXGroup;
			children = (
				B49340DF23A9DD2C00CFAB6A /* Main.storyboard */,
				B49340E423A9DD3500CFAB6A /* LaunchScreen.storyboard */,
			);
			path = Storyboards;
			sourceTree = "<group>";
		};
		B49340FE23A9DF0A00CFAB6A /* Assets */ = {
			isa = PBXGroup;
			children = (
				B49340E223A9DD3500CFAB6A /* Assets.xcassets */,
			);
			path = Assets;
			sourceTree = "<group>";
		};
/* End PBXGroup section */

/* Begin PBXNativeTarget section */
		B49340D523A9DD2C00CFAB6A /* Exchange_Rates */ = {
			isa = PBXNativeTarget;
			buildConfigurationList = B49340EA23A9DD3500CFAB6A /* Build configuration list for PBXNativeTarget "Exchange_Rates" */;
			buildPhases = (
				B49340D223A9DD2C00CFAB6A /* Sources */,
				B49340D323A9DD2C00CFAB6A /* Frameworks */,
				B49340D423A9DD2C00CFAB6A /* Resources */,
			);
			buildRules = (
			);
			dependencies = (
			);
			name = Exchange_Rates;
			productName = Exchange_Rates;
			productReference = B49340D623A9DD2C00CFAB6A /* Exchange_Rates.app */;
			productType = "com.apple.product-type.application";
		};
/* End PBXNativeTarget section */

/* Begin PBXProject section */
		B49340CE23A9DD2C00CFAB6A /* Project object */ = {
			isa = PBXProject;
			attributes = {
				LastSwiftUpdateCheck = 1130;
				LastUpgradeCheck = 1130;
				ORGANIZATIONNAME = "David Mendoza";
				TargetAttributes = {
					B49340D523A9DD2C00CFAB6A = {
						CreatedOnToolsVersion = 11.3;
					};
				};
			};
			buildConfigurationList = B49340D123A9DD2C00CFAB6A /* Build configuration list for PBXProject "Exchange_Rates" */;
			compatibilityVersion = "Xcode 9.3";
			developmentRegion = en;
			hasScannedForEncodings = 0;
			knownRegions = (
				en,
				Base,
			);
			mainGroup = B49340CD23A9DD2C00CFAB6A;
			productRefGroup = B49340D723A9DD2C00CFAB6A /* Products */;
			projectDirPath = "";
			projectRoot = "";
			targets = (
				B49340D523A9DD2C00CFAB6A /* Exchange_Rates */,
			);
		};
/* End PBXProject section */

/* Begin PBXResourcesBuildPhase section */
		B49340D423A9DD2C00CFAB6A /* Resources */ = {
			isa = PBXResourcesBuildPhase;
			buildActionMask = 2147483647;
			files = (
				B49340E623A9DD3500CFAB6A /* LaunchScreen.storyboard in Resources */,
				B49340E323A9DD3500CFAB6A /* Assets.xcassets in Resources */,
				B49340E123A9DD2C00CFAB6A /* Main.storyboard in Resources */,
			);
			runOnlyForDeploymentPostprocessing = 0;
		};
/* End PBXResourcesBuildPhase section */

/* Begin PBXSourcesBuildPhase section */
		B49340D223A9DD2C00CFAB6A /* Sources */ = {
			isa = PBXSourcesBuildPhase;
			buildActionMask = 2147483647;
			files = (
				B49340DA23A9DD2C00CFAB6A /* AppDelegate.swift in Sources */,
				B49340DC23A9DD2C00CFAB6A /* SceneDelegate.swift in Sources */,
				B49340FB23A9DEE800CFAB6A /* SettingsViewController.swift in Sources */,
			);
			runOnlyForDeploymentPostprocessing = 0;
		};
/* End PBXSourcesBuildPhase section */

/* Begin PBXVariantGroup section */
		B49340DF23A9DD2C00CFAB6A /* Main.storyboard */ = {
			isa = PBXVariantGroup;
			children = (
				B49340E023A9DD2C00CFAB6A /* Base */,
			);
			name = Main.storyboard;
			sourceTree = "<group>";
		};
		B49340E423A9DD3500CFAB6A /* LaunchScreen.storyboard */ = {
			isa = PBXVariantGroup;
			children = (
				B49340E523A9DD3500CFAB6A /* Base */,
			);
			name = LaunchScreen.storyboard;
			sourceTree = "<group>";
		};
/* End PBXVariantGroup section */

/* Begin XCBuildConfiguration section */
		B49340E823A9DD3500CFAB6A /* Debug */ = {
			isa = XCBuildConfiguration;
			buildSettings = {
				ALWAYS_SEARCH_USER_PATHS = NO;
				CLANG_ANALYZER_NONNULL = YES;
				CLANG_ANALYZER_NUMBER_OBJECT_CONVERSION = YES_AGGRESSIVE;
				CLANG_CXX_LANGUAGE_STANDARD = "gnu++14";
				CLANG_CXX_LIBRARY = "libc++";
				CLANG_ENABLE_MODULES = YES;
				CLANG_ENABLE_OBJC_ARC = YES;
				CLANG_ENABLE_OBJC_WEAK = YES;
				CLANG_WARN_BLOCK_CAPTURE_AUTORELEASING = YES;
				CLANG_WARN_BOOL_CONVERSION = YES;
				CLANG_WARN_COMMA = YES;
				CLANG_WARN_CONSTANT_CONVERSION = YES;
				CLANG_WARN_DEPRECATED_OBJC_IMPLEMENTATIONS = YES;
				CLANG_WARN_DIRECT_OBJC_ISA_USAGE = YES_ERROR;
				CLANG_WARN_DOCUMENTATION_COMMENTS = YES;
				CLANG_WARN_EMPTY_BODY = YES;
				CLANG_WARN_ENUM_CONVERSION = YES;
				CLANG_WARN_INFINITE_RECURSION = YES;
				CLANG_WARN_INT_CONVERSION = YES;
				CLANG_WARN_NON_LITERAL_NULL_CONVERSION = YES;
				CLANG_WARN_OBJC_IMPLICIT_RETAIN_SELF = YES;
				CLANG_WARN_OBJC_LITERAL_CONVERSION = YES;
				CLANG_WARN_OBJC_ROOT_CLASS = YES_ERROR;
				CLANG_WARN_RANGE_LOOP_ANALYSIS = YES;
				CLANG_WARN_STRICT_PROTOTYPES = YES;
				CLANG_WARN_SUSPICIOUS_MOVE = YES;
				CLANG_WARN_UNGUARDED_AVAILABILITY = YES_AGGRESSIVE;
				CLANG_WARN_UNREACHABLE_CODE = YES;
				CLANG_WARN__DUPLICATE_METHOD_MATCH = YES;
				COPY_PHASE_STRIP = NO;
				DEBUG_INFORMATION_FORMAT = dwarf;
				ENABLE_STRICT_OBJC_MSGSEND = YES;
				ENABLE_TESTABILITY = YES;
				GCC_C_LANGUAGE_STANDARD = gnu11;
				GCC_DYNAMIC_NO_PIC = NO;
				GCC_NO_COMMON_BLOCKS = YES;
				GCC_OPTIMIZATION_LEVEL = 0;
				GCC_PREPROCESSOR_DEFINITIONS = (
					"DEBUG=1",
					"$(inherited)",
				);
				GCC_WARN_64_TO_32_BIT_CONVERSION = YES;
				GCC_WARN_ABOUT_RETURN_TYPE = YES_ERROR;
				GCC_WARN_UNDECLARED_SELECTOR = YES;
				GCC_WARN_UNINITIALIZED_AUTOS = YES_AGGRESSIVE;
				GCC_WARN_UNUSED_FUNCTION = YES;
				GCC_WARN_UNUSED_VARIABLE = YES;
				IPHONEOS_DEPLOYMENT_TARGET = 13.2;
				MTL_ENABLE_DEBUG_INFO = INCLUDE_SOURCE;
				MTL_FAST_MATH = YES;
				ONLY_ACTIVE_ARCH = YES;
				SDKROOT = iphoneos;
				SWIFT_ACTIVE_COMPILATION_CONDITIONS = DEBUG;
				SWIFT_OPTIMIZATION_LEVEL = "-Onone";
			};
			name = Debug;
		};
		B49340E923A9DD3500CFAB6A /* Release */ = {
			isa = XCBuildConfiguration;
			buildSettings = {
				ALWAYS_SEARCH_USER_PATHS = NO;
				CLANG_ANALYZER_NONNULL = YES;
				CLANG_ANALYZER_NUMBER_OBJECT_CONVERSION = YES_AGGRESSIVE;
				CLANG_CXX_LANGUAGE_STANDARD = "gnu++14";
				CLANG_CXX_LIBRARY = "libc++";
				CLANG_ENABLE_MODULES = YES;
				CLANG_ENABLE_OBJC_ARC = YES;
				CLANG_ENABLE_OBJC_WEAK = YES;
				CLANG_WARN_BLOCK_CAPTURE_AUTORELEASING = YES;
				CLANG_WARN_BOOL_CONVERSION = YES;
				CLANG_WARN_COMMA = YES;
				CLANG_WARN_CONSTANT_CONVERSION = YES;
				CLANG_WARN_DEPRECATED_OBJC_IMPLEMENTATIONS = YES;
				CLANG_WARN_DIRECT_OBJC_ISA_USAGE = YES_ERROR;
				CLANG_WARN_DOCUMENTATION_COMMENTS = YES;
				CLANG_WARN_EMPTY_BODY = YES;
				CLANG_WARN_ENUM_CONVERSION = YES;
				CLANG_WARN_INFINITE_RECURSION = YES;
				CLANG_WARN_INT_CONVERSION = YES;
				CLANG_WARN_NON_LITERAL_NULL_CONVERSION = YES;
				CLANG_WARN_OBJC_IMPLICIT_RETAIN_SELF = YES;
				CLANG_WARN_OBJC_LITERAL_CONVERSION = YES;
				CLANG_WARN_OBJC_ROOT_CLASS = YES_ERROR;
				CLANG_WARN_RANGE_LOOP_ANALYSIS = YES;
				CLANG_WARN_STRICT_PROTOTYPES = YES;
				CLANG_WARN_SUSPICIOUS_MOVE = YES;
				CLANG_WARN_UNGUARDED_AVAILABILITY = YES_AGGRESSIVE;
				CLANG_WARN_UNREACHABLE_CODE = YES;
				CLANG_WARN__DUPLICATE_METHOD_MATCH = YES;
				COPY_PHASE_STRIP = NO;
				DEBUG_INFORMATION_FORMAT = "dwarf-with-dsym";
				ENABLE_NS_ASSERTIONS = NO;
				ENABLE_STRICT_OBJC_MSGSEND = YES;
				GCC_C_LANGUAGE_STANDARD = gnu11;
				GCC_NO_COMMON_BLOCKS = YES;
				GCC_WARN_64_TO_32_BIT_CONVERSION = YES;
				GCC_WARN_ABOUT_RETURN_TYPE = YES_ERROR;
				GCC_WARN_UNDECLARED_SELECTOR = YES;
				GCC_WARN_UNINITIALIZED_AUTOS = YES_AGGRESSIVE;
				GCC_WARN_UNUSED_FUNCTION = YES;
				GCC_WARN_UNUSED_VARIABLE = YES;
				IPHONEOS_DEPLOYMENT_TARGET = 13.2;
				MTL_ENABLE_DEBUG_INFO = NO;
				MTL_FAST_MATH = YES;
				SDKROOT = iphoneos;
				SWIFT_COMPILATION_MODE = wholemodule;
				SWIFT_OPTIMIZATION_LEVEL = "-O";
				VALIDATE_PRODUCT = YES;
			};
			name = Release;
		};
		B49340EB23A9DD3500CFAB6A /* Debug */ = {
			isa = XCBuildConfiguration;
			buildSettings = {
				ASSETCATALOG_COMPILER_APPICON_NAME = AppIcon;
				CODE_SIGN_STYLE = Automatic;
				DEVELOPMENT_TEAM = UT2RZS7M95;
				INFOPLIST_FILE = Exchange_Rates/Info.plist;
				IPHONEOS_DEPLOYMENT_TARGET = 13.0;
				LD_RUNPATH_SEARCH_PATHS = (
					"$(inherited)",
					"@executable_path/Frameworks",
				);
				PRODUCT_BUNDLE_IDENTIFIER = "com.DavidMendoza.Exchange-Rates";
				PRODUCT_NAME = "$(TARGET_NAME)";
				SWIFT_VERSION = 5.0;
				TARGETED_DEVICE_FAMILY = "1,2";
			};
			name = Debug;
		};
		B49340EC23A9DD3500CFAB6A /* Release */ = {
			isa = XCBuildConfiguration;
			buildSettings = {
				ASSETCATALOG_COMPILER_APPICON_NAME = AppIcon;
				CODE_SIGN_STYLE = Automatic;
				DEVELOPMENT_TEAM = UT2RZS7M95;
				INFOPLIST_FILE = Exchange_Rates/Info.plist;
				IPHONEOS_DEPLOYMENT_TARGET = 13.0;
				LD_RUNPATH_SEARCH_PATHS = (
					"$(inherited)",
					"@executable_path/Frameworks",
				);
				PRODUCT_BUNDLE_IDENTIFIER = "com.DavidMendoza.Exchange-Rates";
				PRODUCT_NAME = "$(TARGET_NAME)";
				SWIFT_VERSION = 5.0;
				TARGETED_DEVICE_FAMILY = "1,2";
			};
			name = Release;
		};
/* End XCBuildConfiguration section */

/* Begin XCConfigurationList section */
		B49340D123A9DD2C00CFAB6A /* Build configuration list for PBXProject "Exchange_Rates" */ = {
			isa = XCConfigurationList;
			buildConfigurations = (
				B49340E823A9DD3500CFAB6A /* Debug */,
				B49340E923A9DD3500CFAB6A /* Release */,
			);
			defaultConfigurationIsVisible = 0;
			defaultConfigurationName = Release;
		};
		B49340EA23A9DD3500CFAB6A /* Build configuration list for PBXNativeTarget "Exchange_Rates" */ = {
			isa = XCConfigurationList;
			buildConfigurations = (
				B49340EB23A9DD3500CFAB6A /* Debug */,
				B49340EC23A9DD3500CFAB6A /* Release */,
			);
			defaultConfigurationIsVisible = 0;
			defaultConfigurationName = Release;
		};
/* End XCConfigurationList section */
	};
	rootObject = B49340CE23A9DD2C00CFAB6A /* Project object */;
}
